
Microsoft Visual Studio Solution File, Format Version 12.00
# Visual Studio 2015
Project("{FAE04EC0-301F-11D3-BF4B-00C04F79EFBC}") = "OpenGL.UI", "OpenGL.UI.csproj", "{25B378D1-6564-4871-AE89-1786016BABBE}"
EndProject
Global
	GlobalSection(SolutionConfigurationPlatforms) = preSolution
		Debug|Any CPU = Debug|Any CPU
		Release|Any CPU = Release|Any CPU
	EndGlobalSection
	GlobalSection(ProjectConfigurationPlatforms) = postSolution
		{25B378D1-6564-4871-AE89-1786016BABBE}.Debug|Any CPU.ActiveCfg = Debug|Any CPU
		{25B378D1-6564-4871-AE89-1786016BABBE}.Debug|Any CPU.Build.0 = Debug|Any CPU
		{25B378D1-6564-4871-AE89-1786016BABBE}.Release|Any CPU.ActiveCfg = Release|Any CPU
		{25B378D1-6564-4871-AE89-1786016BABBE}.Release|Any CPU.Build.0 = Release|Any CPU
	EndGlobalSection
	GlobalSection(SolutionProperties) = preSolution
		HideSolutionNode = FALSE
	EndGlobalSection
EndGlobal
